
Microsoft Visual Studio Solution File, Format Version 12.00
# Visual Studio Version 17
VisualStudioVersion = 17.3.32825.248
MinimumVisualStudioVersion = 10.0.40219.1
Project("{FAE04EC0-301F-11D3-BF4B-00C04F79EFBC}") = "ProjCh7", "ProjCh7\ProjCh7.csproj", "{19BE07FC-1DFF-4089-B7E8-990CFC85C294}"
EndProject
Global
	GlobalSection(SolutionConfigurationPlatforms) = preSolution
		Debug|Any CPU = Debug|Any CPU
		Release|Any CPU = Release|Any CPU
	EndGlobalSection
	GlobalSection(ProjectConfigurationPlatforms) = postSolution
		{19BE07FC-1DFF-4089-B7E8-990CFC85C294}.Debug|Any CPU.ActiveCfg = Debug|Any CPU
		{19BE07FC-1DFF-4089-B7E8-990CFC85C294}.Debug|Any CPU.Build.0 = Debug|Any CPU
		{19BE07FC-1DFF-4089-B7E8-990CFC85C294}.Release|Any CPU.ActiveCfg = Release|Any CPU
		{19BE07FC-1DFF-4089-B7E8-990CFC85C294}.Release|Any CPU.Build.0 = Release|Any CPU
	EndGlobalSection
	GlobalSection(SolutionProperties) = preSolution
		HideSolutionNode = FALSE
	EndGlobalSection
	GlobalSection(ExtensibilityGlobals) = postSolution
		SolutionGuid = {16E0B766-1C93-491D-874E-754D5900AE0C}
	EndGlobalSection
EndGlobal
