
Microsoft Visual Studio Solution File, Format Version 12.00
# Visual Studio Version 16
VisualStudioVersion = 16.0.30114.105
MinimumVisualStudioVersion = 10.0.40219.1
Project("{FAE04EC0-301F-11D3-BF4B-00C04F79EFBC}") = "Project#5", "Project#5\Project#5.csproj", "{CACEE5DE-E5C8-41F2-8BC6-158521445D72}"
EndProject
Project("{FAE04EC0-301F-11D3-BF4B-00C04F79EFBC}") = "Project#5.Main", "Project#5.Main\Project#5.Main.csproj", "{2128782F-60AB-416F-B7C8-A65E932BE684}"
EndProject
Global
	GlobalSection(SolutionConfigurationPlatforms) = preSolution
		Debug|Any CPU = Debug|Any CPU
		Release|Any CPU = Release|Any CPU
	EndGlobalSection
	GlobalSection(SolutionProperties) = preSolution
		HideSolutionNode = FALSE
	EndGlobalSection
	GlobalSection(ProjectConfigurationPlatforms) = postSolution
		{CACEE5DE-E5C8-41F2-8BC6-158521445D72}.Debug|Any CPU.ActiveCfg = Debug|Any CPU
		{CACEE5DE-E5C8-41F2-8BC6-158521445D72}.Debug|Any CPU.Build.0 = Debug|Any CPU
		{CACEE5DE-E5C8-41F2-8BC6-158521445D72}.Release|Any CPU.ActiveCfg = Release|Any CPU
		{CACEE5DE-E5C8-41F2-8BC6-158521445D72}.Release|Any CPU.Build.0 = Release|Any CPU
		{2128782F-60AB-416F-B7C8-A65E932BE684}.Debug|Any CPU.ActiveCfg = Debug|Any CPU
		{2128782F-60AB-416F-B7C8-A65E932BE684}.Debug|Any CPU.Build.0 = Debug|Any CPU
		{2128782F-60AB-416F-B7C8-A65E932BE684}.Release|Any CPU.ActiveCfg = Release|Any CPU
		{2128782F-60AB-416F-B7C8-A65E932BE684}.Release|Any CPU.Build.0 = Release|Any CPU
	EndGlobalSection
EndGlobal
