
Microsoft Visual Studio Solution File, Format Version 12.00
# Visual Studio Version 16
VisualStudioVersion = 16.0.31005.135
MinimumVisualStudioVersion = 10.0.40219.1
Project("{FAE04EC0-301F-11D3-BF4B-00C04F79EFBC}") = "Chapter 13 Project", "Chapter 13 Project.csproj", "{0EEAF1FD-57F9-43DA-9AE2-DF35AA66D0F4}"
EndProject
Global
	GlobalSection(SolutionConfigurationPlatforms) = preSolution
		Debug|Any CPU = Debug|Any CPU
		Release|Any CPU = Release|Any CPU
	EndGlobalSection
	GlobalSection(ProjectConfigurationPlatforms) = postSolution
		{0EEAF1FD-57F9-43DA-9AE2-DF35AA66D0F4}.Debug|Any CPU.ActiveCfg = Debug|Any CPU
		{0EEAF1FD-57F9-43DA-9AE2-DF35AA66D0F4}.Debug|Any CPU.Build.0 = Debug|Any CPU
		{0EEAF1FD-57F9-43DA-9AE2-DF35AA66D0F4}.Release|Any CPU.ActiveCfg = Release|Any CPU
		{0EEAF1FD-57F9-43DA-9AE2-DF35AA66D0F4}.Release|Any CPU.Build.0 = Release|Any CPU
	EndGlobalSection
	GlobalSection(SolutionProperties) = preSolution
		HideSolutionNode = FALSE
	EndGlobalSection
	GlobalSection(ExtensibilityGlobals) = postSolution
		SolutionGuid = {7B6D8A35-296E-44CA-B48B-14872A0C4AB8}
	EndGlobalSection
EndGlobal
